
Microsoft Visual Studio Solution File, Format Version 12.00
# Visual Studio Version 17
VisualStudioVersion = 17.9.34728.123
MinimumVisualStudioVersion = 10.0.40219.1
Project("{FAE04EC0-301F-11D3-BF4B-00C04F79EFBC}") = "PGN_Parser", "PGN_Parser\PGN_Parser.csproj", "{99D72AD4-104E-47EC-B7B1-C14CC0F88C11}"
EndProject
Global
	GlobalSection(SolutionConfigurationPlatforms) = preSolution
		Debug|Any CPU = Debug|Any CPU
		Release|Any CPU = Release|Any CPU
	EndGlobalSection
	GlobalSection(ProjectConfigurationPlatforms) = postSolution
		{99D72AD4-104E-47EC-B7B1-C14CC0F88C11}.Debug|Any CPU.ActiveCfg = Debug|Any CPU
		{99D72AD4-104E-47EC-B7B1-C14CC0F88C11}.Debug|Any CPU.Build.0 = Debug|Any CPU
		{99D72AD4-104E-47EC-B7B1-C14CC0F88C11}.Release|Any CPU.ActiveCfg = Release|Any CPU
		{99D72AD4-104E-47EC-B7B1-C14CC0F88C11}.Release|Any CPU.Build.0 = Release|Any CPU
	EndGlobalSection
	GlobalSection(SolutionProperties) = preSolution
		HideSolutionNode = FALSE
	EndGlobalSection
	GlobalSection(ExtensibilityGlobals) = postSolution
		SolutionGuid = {552BFA85-ADD2-45E7-83EA-0D6C0D3B8ABD}
	EndGlobalSection
EndGlobal
